// !$*UTF8*$!
{
	archiveVersion = 1;
	classes = {
	};
	objectVersion = 48;
	objects = {

/* Begin PBXBuildFile section */
		ED637BDB1F78E5EF008AAD3A /* AboutWindow.swift in Sources */ = {isa = PBXBuildFile; fileRef = ED637BD91F78E5EE008AAD3A /* AboutWindow.swift */; };
		ED637BDC1F78E5EF008AAD3A /* AboutWindow.xib in Resources */ = {isa = PBXBuildFile; fileRef = ED637BDA1F78E5EF008AAD3A /* AboutWindow.xib */; };
		EDD0EA28212A09B800D5B855 /* AppDelegate.swift in Sources */ = {isa = PBXBuildFile; fileRef = EDD0EA27212A09B800D5B855 /* AppDelegate.swift */; };
		EDD0EA2A212A09B800D5B855 /* SitesTableController.swift in Sources */ = {isa = PBXBuildFile; fileRef = EDD0EA29212A09B800D5B855 /* SitesTableController.swift */; };
		EDD0EA2D212A09B800D5B855 /* Main.storyboard in Resources */ = {isa = PBXBuildFile; fileRef = EDD0EA2B212A09B800D5B855 /* Main.storyboard */; };
		EDD0EA2F212A09BA00D5B855 /* Assets.xcassets in Resources */ = {isa = PBXBuildFile; fileRef = EDD0EA2E212A09BA00D5B855 /* Assets.xcassets */; };
		EDD0EA32212A09BA00D5B855 /* LaunchScreen.storyboard in Resources */ = {isa = PBXBuildFile; fileRef = EDD0EA30212A09BA00D5B855 /* LaunchScreen.storyboard */; };
		EDDAA7711F91581C00D69525 /* PrefsWindow.swift in Sources */ = {isa = PBXBuildFile; fileRef = EDDAA76F1F91581C00D69525 /* PrefsWindow.swift */; };
		EDDAA7721F91581C00D69525 /* PrefsWindow.xib in Resources */ = {isa = PBXBuildFile; fileRef = EDDAA7701F91581C00D69525 /* PrefsWindow.xib */; };
		EDF1E3CF1F77FE3700D02C38 /* AppDelegate.swift in Sources */ = {isa = PBXBuildFile; fileRef = EDF1E3CE1F77FE3700D02C38 /* AppDelegate.swift */; };
		EDF1E3D11F77FE3700D02C38 /* Assets.xcassets in Resources */ = {isa = PBXBuildFile; fileRef = EDF1E3D01F77FE3700D02C38 /* Assets.xcassets */; };
		EDF1E3D41F77FE3700D02C38 /* MainMenu.xib in Resources */ = {isa = PBXBuildFile; fileRef = EDF1E3D21F77FE3700D02C38 /* MainMenu.xib */; };
		EDF1E3DD1F780BF500D02C38 /* SitesMenuController.swift in Sources */ = {isa = PBXBuildFile; fileRef = EDF1E3DC1F780BF500D02C38 /* SitesMenuController.swift */; };
/* End PBXBuildFile section */

/* Begin PBXFileReference section */
		ED637BD91F78E5EE008AAD3A /* AboutWindow.swift */ = {isa = PBXFileReference; lastKnownFileType = sourcecode.swift; path = AboutWindow.swift; sourceTree = "<group>"; };
		ED637BDA1F78E5EF008AAD3A /* AboutWindow.xib */ = {isa = PBXFileReference; lastKnownFileType = file.xib; path = AboutWindow.xib; sourceTree = "<group>"; };
		ED637BDD1F790B5D008AAD3A /* README.md */ = {isa = PBXFileReference; lastKnownFileType = net.daringfireball.markdown; path = README.md; sourceTree = "<group>"; };
		EDD0EA25212A09B800D5B855 /* iosLocalSites.app */ = {isa = PBXFileReference; explicitFileType = wrapper.application; includeInIndex = 0; path = iosLocalSites.app; sourceTree = BUILT_PRODUCTS_DIR; };
		EDD0EA27212A09B800D5B855 /* AppDelegate.swift */ = {isa = PBXFileReference; lastKnownFileType = sourcecode.swift; path = AppDelegate.swift; sourceTree = "<group>"; };
		EDD0EA29212A09B800D5B855 /* SitesTableController.swift */ = {isa = PBXFileReference; lastKnownFileType = sourcecode.swift; path = SitesTableController.swift; sourceTree = "<group>"; };
		EDD0EA2C212A09B800D5B855 /* Base */ = {isa = PBXFileReference; lastKnownFileType = file.storyboard; name = Base; path = Base.lproj/Main.storyboard; sourceTree = "<group>"; };
		EDD0EA2E212A09BA00D5B855 /* Assets.xcassets */ = {isa = PBXFileReference; lastKnownFileType = folder.assetcatalog; path = Assets.xcassets; sourceTree = "<group>"; };
		EDD0EA31212A09BA00D5B855 /* Base */ = {isa = PBXFileReference; lastKnownFileType = file.storyboard; name = Base; path = Base.lproj/LaunchScreen.storyboard; sourceTree = "<group>"; };
		EDD0EA33212A09BA00D5B855 /* Info.plist */ = {isa = PBXFileReference; lastKnownFileType = text.plist.xml; path = Info.plist; sourceTree = "<group>"; };
		EDDAA76F1F91581C00D69525 /* PrefsWindow.swift */ = {isa = PBXFileReference; lastKnownFileType = sourcecode.swift; path = PrefsWindow.swift; sourceTree = "<group>"; };
		EDDAA7701F91581C00D69525 /* PrefsWindow.xib */ = {isa = PBXFileReference; lastKnownFileType = file.xib; path = PrefsWindow.xib; sourceTree = "<group>"; };
		EDF1E3CB1F77FE3700D02C38 /* LocalSites.app */ = {isa = PBXFileReference; explicitFileType = wrapper.application; includeInIndex = 0; path = LocalSites.app; sourceTree = BUILT_PRODUCTS_DIR; };
		EDF1E3CE1F77FE3700D02C38 /* AppDelegate.swift */ = {isa = PBXFileReference; lastKnownFileType = sourcecode.swift; path = AppDelegate.swift; sourceTree = "<group>"; };
		EDF1E3D01F77FE3700D02C38 /* Assets.xcassets */ = {isa = PBXFileReference; lastKnownFileType = folder.assetcatalog; path = Assets.xcassets; sourceTree = "<group>"; };
		EDF1E3D31F77FE3700D02C38 /* Base */ = {isa = PBXFileReference; lastKnownFileType = file.xib; name = Base; path = Base.lproj/MainMenu.xib; sourceTree = "<group>"; };
		EDF1E3D51F77FE3700D02C38 /* Info.plist */ = {isa = PBXFileReference; lastKnownFileType = text.plist.xml; path = Info.plist; sourceTree = "<group>"; };
		EDF1E3D61F77FE3700D02C38 /* LocalSites.entitlements */ = {isa = PBXFileReference; lastKnownFileType = text.plist.entitlements; path = LocalSites.entitlements; sourceTree = "<group>"; };
		EDF1E3DC1F780BF500D02C38 /* SitesMenuController.swift */ = {isa = PBXFileReference; lastKnownFileType = sourcecode.swift; path = SitesMenuController.swift; sourceTree = "<group>"; };
/* End PBXFileReference section */

/* Begin PBXFrameworksBuildPhase section */
		EDD0EA22212A09B800D5B855 /* Frameworks */ = {
			isa = PBXFrameworksBuildPhase;
			buildActionMask = 2147483647;
			files = (
			);
			runOnlyForDeploymentPostprocessing = 0;
		};
		EDF1E3C81F77FE3700D02C38 /* Frameworks */ = {
			isa = PBXFrameworksBuildPhase;
			buildActionMask = 2147483647;
			files = (
			);
			runOnlyForDeploymentPostprocessing = 0;
		};
/* End PBXFrameworksBuildPhase section */

/* Begin PBXGroup section */
		EDD0EA26212A09B800D5B855 /* iosLocalSites */ = {
			isa = PBXGroup;
			children = (
				EDD0EA27212A09B800D5B855 /* AppDelegate.swift */,
				EDD0EA29212A09B800D5B855 /* SitesTableController.swift */,
				EDD0EA2B212A09B800D5B855 /* Main.storyboard */,
				EDD0EA2E212A09BA00D5B855 /* Assets.xcassets */,
				EDD0EA30212A09BA00D5B855 /* LaunchScreen.storyboard */,
				EDD0EA33212A09BA00D5B855 /* Info.plist */,
			);
			path = iosLocalSites;
			sourceTree = "<group>";
		};
		EDF1E3C21F77FE3700D02C38 = {
			isa = PBXGroup;
			children = (
				EDF1E3CD1F77FE3700D02C38 /* LocalSites */,
				EDD0EA26212A09B800D5B855 /* iosLocalSites */,
				EDF1E3CC1F77FE3700D02C38 /* Products */,
				ED637BDD1F790B5D008AAD3A /* README.md */,
			);
			sourceTree = "<group>";
		};
		EDF1E3CC1F77FE3700D02C38 /* Products */ = {
			isa = PBXGroup;
			children = (
				EDF1E3CB1F77FE3700D02C38 /* LocalSites.app */,
				EDD0EA25212A09B800D5B855 /* iosLocalSites.app */,
			);
			name = Products;
			sourceTree = "<group>";
		};
		EDF1E3CD1F77FE3700D02C38 /* LocalSites */ = {
			isa = PBXGroup;
			children = (
				EDF1E3D01F77FE3700D02C38 /* Assets.xcassets */,
				EDF1E3CE1F77FE3700D02C38 /* AppDelegate.swift */,
				EDF1E3D21F77FE3700D02C38 /* MainMenu.xib */,
				EDF1E3DC1F780BF500D02C38 /* SitesMenuController.swift */,
				EDDAA76F1F91581C00D69525 /* PrefsWindow.swift */,
				EDDAA7701F91581C00D69525 /* PrefsWindow.xib */,
				ED637BD91F78E5EE008AAD3A /* AboutWindow.swift */,
				ED637BDA1F78E5EF008AAD3A /* AboutWindow.xib */,
				EDF1E3D51F77FE3700D02C38 /* Info.plist */,
				EDF1E3D61F77FE3700D02C38 /* LocalSites.entitlements */,
			);
			path = LocalSites;
			sourceTree = "<group>";
		};
/* End PBXGroup section */

/* Begin PBXNativeTarget section */
		EDD0EA24212A09B800D5B855 /* iosLocalSites */ = {
			isa = PBXNativeTarget;
			buildConfigurationList = EDD0EA36212A09BA00D5B855 /* Build configuration list for PBXNativeTarget "iosLocalSites" */;
			buildPhases = (
				EDD0EA21212A09B800D5B855 /* Sources */,
				EDD0EA22212A09B800D5B855 /* Frameworks */,
				EDD0EA23212A09B800D5B855 /* Resources */,
			);
			buildRules = (
			);
			dependencies = (
			);
			name = iosLocalSites;
			productName = iosLocalSites;
			productReference = EDD0EA25212A09B800D5B855 /* iosLocalSites.app */;
			productType = "com.apple.product-type.application";
		};
		EDF1E3CA1F77FE3700D02C38 /* LocalSites */ = {
			isa = PBXNativeTarget;
			buildConfigurationList = EDF1E3D91F77FE3700D02C38 /* Build configuration list for PBXNativeTarget "LocalSites" */;
			buildPhases = (
				EDF1E3C71F77FE3700D02C38 /* Sources */,
				EDF1E3C81F77FE3700D02C38 /* Frameworks */,
				EDF1E3C91F77FE3700D02C38 /* Resources */,
			);
			buildRules = (
			);
			dependencies = (
			);
			name = LocalSites;
			productName = LocalSites;
			productReference = EDF1E3CB1F77FE3700D02C38 /* LocalSites.app */;
			productType = "com.apple.product-type.application";
		};
/* End PBXNativeTarget section */

/* Begin PBXProject section */
		EDF1E3C31F77FE3700D02C38 /* Project object */ = {
			isa = PBXProject;
			attributes = {
				LastSwiftUpdateCheck = 0940;
				LastUpgradeCheck = 0940;
				ORGANIZATIONNAME = plan44.ch;
				TargetAttributes = {
					EDD0EA24212A09B800D5B855 = {
						CreatedOnToolsVersion = 9.4.1;
						ProvisioningStyle = Automatic;
					};
					EDF1E3CA1F77FE3700D02C38 = {
						CreatedOnToolsVersion = 9.0;
						ProvisioningStyle = Automatic;
					};
				};
			};
			buildConfigurationList = EDF1E3C61F77FE3700D02C38 /* Build configuration list for PBXProject "LocalSites" */;
			compatibilityVersion = "Xcode 8.0";
			developmentRegion = en;
			hasScannedForEncodings = 0;
			knownRegions = (
				en,
				Base,
			);
			mainGroup = EDF1E3C21F77FE3700D02C38;
			productRefGroup = EDF1E3CC1F77FE3700D02C38 /* Products */;
			projectDirPath = "";
			projectRoot = "";
			targets = (
				EDF1E3CA1F77FE3700D02C38 /* LocalSites */,
				EDD0EA24212A09B800D5B855 /* iosLocalSites */,
			);
		};
/* End PBXProject section */

/* Begin PBXResourcesBuildPhase section */
		EDD0EA23212A09B800D5B855 /* Resources */ = {
			isa = PBXResourcesBuildPhase;
			buildActionMask = 2147483647;
			files = (
				EDD0EA32212A09BA00D5B855 /* LaunchScreen.storyboard in Resources */,
				EDD0EA2F212A09BA00D5B855 /* Assets.xcassets in Resources */,
				EDD0EA2D212A09B800D5B855 /* Main.storyboard in Resources */,
			);
			runOnlyForDeploymentPostprocessing = 0;
		};
		EDF1E3C91F77FE3700D02C38 /* Resources */ = {
			isa = PBXResourcesBuildPhase;
			buildActionMask = 2147483647;
			files = (
				EDDAA7721F91581C00D69525 /* PrefsWindow.xib in Resources */,
				EDF1E3D11F77FE3700D02C38 /* Assets.xcassets in Resources */,
				EDF1E3D41F77FE3700D02C38 /* MainMenu.xib in Resources */,
				ED637BDC1F78E5EF008AAD3A /* AboutWindow.xib in Resources */,
			);
			runOnlyForDeploymentPostprocessing = 0;
		};
/* End PBXResourcesBuildPhase section */

/* Begin PBXSourcesBuildPhase section */
		EDD0EA21212A09B800D5B855 /* Sources */ = {
			isa = PBXSourcesBuildPhase;
			buildActionMask = 2147483647;
			files = (
				EDD0EA2A212A09B800D5B855 /* SitesTableController.swift in Sources */,
				EDD0EA28212A09B800D5B855 /* AppDelegate.swift in Sources */,
			);
			runOnlyForDeploymentPostprocessing = 0;
		};
		EDF1E3C71F77FE3700D02C38 /* Sources */ = {
			isa = PBXSourcesBuildPhase;
			buildActionMask = 2147483647;
			files = (
				EDDAA7711F91581C00D69525 /* PrefsWindow.swift in Sources */,
				EDF1E3CF1F77FE3700D02C38 /* AppDelegate.swift in Sources */,
				EDF1E3DD1F780BF500D02C38 /* SitesMenuController.swift in Sources */,
				ED637BDB1F78E5EF008AAD3A /* AboutWindow.swift in Sources */,
			);
			runOnlyForDeploymentPostprocessing = 0;
		};
/* End PBXSourcesBuildPhase section */

/* Begin PBXVariantGroup section */
		EDD0EA2B212A09B800D5B855 /* Main.storyboard */ = {
			isa = PBXVariantGroup;
			children = (
				EDD0EA2C212A09B800D5B855 /* Base */,
			);
			name = Main.storyboard;
			sourceTree = "<group>";
		};
		EDD0EA30212A09BA00D5B855 /* LaunchScreen.storyboard */ = {
			isa = PBXVariantGroup;
			children = (
				EDD0EA31212A09BA00D5B855 /* Base */,
			);
			name = LaunchScreen.storyboard;
			sourceTree = "<group>";
		};
		EDF1E3D21F77FE3700D02C38 /* MainMenu.xib */ = {
			isa = PBXVariantGroup;
			children = (
				EDF1E3D31F77FE3700D02C38 /* Base */,
			);
			name = MainMenu.xib;
			sourceTree = "<group>";
		};
/* End PBXVariantGroup section */

/* Begin XCBuildConfiguration section */
		EDD0EA34212A09BA00D5B855 /* Debug */ = {
			isa = XCBuildConfiguration;
			buildSettings = {
				ASSETCATALOG_COMPILER_APPICON_NAME = AppIconIOS;
				CLANG_ENABLE_OBJC_WEAK = YES;
				CLANG_WARN_DEPRECATED_OBJC_IMPLEMENTATIONS = YES;
				CLANG_WARN_OBJC_IMPLICIT_RETAIN_SELF = YES;
				CODE_SIGN_IDENTITY = "iPhone Developer";
				CODE_SIGN_STYLE = Automatic;
				DEVELOPMENT_TEAM = RQ57RZ75M9;
				INFOPLIST_FILE = iosLocalSites/Info.plist;
				IPHONEOS_DEPLOYMENT_TARGET = 9.3;
				LD_RUNPATH_SEARCH_PATHS = "$(inherited) @executable_path/Frameworks";
				PRODUCT_BUNDLE_IDENTIFIER = ch.plan44.iosLocalSites;
				PRODUCT_NAME = "$(TARGET_NAME)";
				SDKROOT = iphoneos;
				SWIFT_VERSION = 4.0;
				TARGETED_DEVICE_FAMILY = "1,2";
			};
			name = Debug;
		};
		EDD0EA35212A09BA00D5B855 /* Release */ = {
			isa = XCBuildConfiguration;
			buildSettings = {
				ASSETCATALOG_COMPILER_APPICON_NAME = AppIconIOS;
				CLANG_ENABLE_OBJC_WEAK = YES;
				CLANG_WARN_DEPRECATED_OBJC_IMPLEMENTATIONS = YES;
				CLANG_WARN_OBJC_IMPLICIT_RETAIN_SELF = YES;
				CODE_SIGN_IDENTITY = "iPhone Developer";
				CODE_SIGN_STYLE = Automatic;
				DEVELOPMENT_TEAM = RQ57RZ75M9;
				INFOPLIST_FILE = iosLocalSites/Info.plist;
				IPHONEOS_DEPLOYMENT_TARGET = 9.3;
				LD_RUNPATH_SEARCH_PATHS = "$(inherited) @executable_path/Frameworks";
				PRODUCT_BUNDLE_IDENTIFIER = ch.plan44.iosLocalSites;
				PRODUCT_NAME = "$(TARGET_NAME)";
				SDKROOT = iphoneos;
				SWIFT_VERSION = 4.0;
				TARGETED_DEVICE_FAMILY = "1,2";
				VALIDATE_PRODUCT = YES;
			};
			name = Release;
		};
		EDF1E3D71F77FE3700D02C38 /* Debug */ = {
			isa = XCBuildConfiguration;
			buildSettings = {
				ALWAYS_SEARCH_USER_PATHS = NO;
				CLANG_ANALYZER_NONNULL = YES;
				CLANG_ANALYZER_NUMBER_OBJECT_CONVERSION = YES_AGGRESSIVE;
				CLANG_CXX_LANGUAGE_STANDARD = "gnu++14";
				CLANG_CXX_LIBRARY = "libc++";
				CLANG_ENABLE_MODULES = YES;
				CLANG_ENABLE_OBJC_ARC = YES;
				CLANG_WARN_BLOCK_CAPTURE_AUTORELEASING = YES;
				CLANG_WARN_BOOL_CONVERSION = YES;
				CLANG_WARN_COMMA = YES;
				CLANG_WARN_CONSTANT_CONVERSION = YES;
				CLANG_WARN_DEPRECATED_OBJC_IMPLEMENTATIONS = YES;
				CLANG_WARN_DIRECT_OBJC_ISA_USAGE = YES_ERROR;
				CLANG_WARN_DOCUMENTATION_COMMENTS = YES;
				CLANG_WARN_EMPTY_BODY = YES;
				CLANG_WARN_ENUM_CONVERSION = YES;
				CLANG_WARN_INFINITE_RECURSION = YES;
				CLANG_WARN_INT_CONVERSION = YES;
				CLANG_WARN_NON_LITERAL_NULL_CONVERSION = YES;
				CLANG_WARN_OBJC_IMPLICIT_RETAIN_SELF = YES;
				CLANG_WARN_OBJC_LITERAL_CONVERSION = YES;
				CLANG_WARN_OBJC_ROOT_CLASS = YES_ERROR;
				CLANG_WARN_RANGE_LOOP_ANALYSIS = YES;
				CLANG_WARN_STRICT_PROTOTYPES = YES;
				CLANG_WARN_SUSPICIOUS_MOVE = YES;
				CLANG_WARN_UNGUARDED_AVAILABILITY = YES_AGGRESSIVE;
				CLANG_WARN_UNREACHABLE_CODE = YES;
				CLANG_WARN__DUPLICATE_METHOD_MATCH = YES;
				CODE_SIGN_IDENTITY = "Mac Developer";
				COPY_PHASE_STRIP = NO;
				DEBUG_INFORMATION_FORMAT = dwarf;
				ENABLE_STRICT_OBJC_MSGSEND = YES;
				ENABLE_TESTABILITY = YES;
				GCC_C_LANGUAGE_STANDARD = gnu11;
				GCC_DYNAMIC_NO_PIC = NO;
				GCC_NO_COMMON_BLOCKS = YES;
				GCC_OPTIMIZATION_LEVEL = 0;
				GCC_PREPROCESSOR_DEFINITIONS = (
					"DEBUG=1",
					"$(inherited)",
				);
				GCC_WARN_64_TO_32_BIT_CONVERSION = YES;
				GCC_WARN_ABOUT_RETURN_TYPE = YES_ERROR;
				GCC_WARN_UNDECLARED_SELECTOR = YES;
				GCC_WARN_UNINITIALIZED_AUTOS = YES_AGGRESSIVE;
				GCC_WARN_UNUSED_FUNCTION = YES;
				GCC_WARN_UNUSED_VARIABLE = YES;
				IPHONEOS_DEPLOYMENT_TARGET = 8.0;
				MACOSX_DEPLOYMENT_TARGET = 10.12;
				MTL_ENABLE_DEBUG_INFO = YES;
				ONLY_ACTIVE_ARCH = YES;
				SDKROOT = macosx;
				SWIFT_ACTIVE_COMPILATION_CONDITIONS = DEBUG;
				SWIFT_OPTIMIZATION_LEVEL = "-Onone";
			};
			name = Debug;
		};
		EDF1E3D81F77FE3700D02C38 /* Release */ = {
			isa = XCBuildConfiguration;
			buildSettings = {
				ALWAYS_SEARCH_USER_PATHS = NO;
				CLANG_ANALYZER_NONNULL = YES;
				CLANG_ANALYZER_NUMBER_OBJECT_CONVERSION = YES_AGGRESSIVE;
				CLANG_CXX_LANGUAGE_STANDARD = "gnu++14";
				CLANG_CXX_LIBRARY = "libc++";
				CLANG_ENABLE_MODULES = YES;
				CLANG_ENABLE_OBJC_ARC = YES;
				CLANG_WARN_BLOCK_CAPTURE_AUTORELEASING = YES;
				CLANG_WARN_BOOL_CONVERSION = YES;
				CLANG_WARN_COMMA = YES;
				CLANG_WARN_CONSTANT_CONVERSION = YES;
				CLANG_WARN_DEPRECATED_OBJC_IMPLEMENTATIONS = YES;
				CLANG_WARN_DIRECT_OBJC_ISA_USAGE = YES_ERROR;
				CLANG_WARN_DOCUMENTATION_COMMENTS = YES;
				CLANG_WARN_EMPTY_BODY = YES;
				CLANG_WARN_ENUM_CONVERSION = YES;
				CLANG_WARN_INFINITE_RECURSION = YES;
				CLANG_WARN_INT_CONVERSION = YES;
				CLANG_WARN_NON_LITERAL_NULL_CONVERSION = YES;
				CLANG_WARN_OBJC_IMPLICIT_RETAIN_SELF = YES;
				CLANG_WARN_OBJC_LITERAL_CONVERSION = YES;
				CLANG_WARN_OBJC_ROOT_CLASS = YES_ERROR;
				CLANG_WARN_RANGE_LOOP_ANALYSIS = YES;
				CLANG_WARN_STRICT_PROTOTYPES = YES;
				CLANG_WARN_SUSPICIOUS_MOVE = YES;
				CLANG_WARN_UNGUARDED_AVAILABILITY = YES_AGGRESSIVE;
				CLANG_WARN_UNREACHABLE_CODE = YES;
				CLANG_WARN__DUPLICATE_METHOD_MATCH = YES;
				CODE_SIGN_IDENTITY = "Mac Developer";
				COPY_PHASE_STRIP = NO;
				DEBUG_INFORMATION_FORMAT = "dwarf-with-dsym";
				ENABLE_NS_ASSERTIONS = NO;
				ENABLE_STRICT_OBJC_MSGSEND = YES;
				GCC_C_LANGUAGE_STANDARD = gnu11;
				GCC_NO_COMMON_BLOCKS = YES;
				GCC_WARN_64_TO_32_BIT_CONVERSION = YES;
				GCC_WARN_ABOUT_RETURN_TYPE = YES_ERROR;
				GCC_WARN_UNDECLARED_SELECTOR = YES;
				GCC_WARN_UNINITIALIZED_AUTOS = YES_AGGRESSIVE;
				GCC_WARN_UNUSED_FUNCTION = YES;
				GCC_WARN_UNUSED_VARIABLE = YES;
				IPHONEOS_DEPLOYMENT_TARGET = 8.0;
				MACOSX_DEPLOYMENT_TARGET = 10.12;
				MTL_ENABLE_DEBUG_INFO = NO;
				SDKROOT = macosx;
				SWIFT_OPTIMIZATION_LEVEL = "-Owholemodule";
			};
			name = Release;
		};
		EDF1E3DA1F77FE3700D02C38 /* Debug */ = {
			isa = XCBuildConfiguration;
			buildSettings = {
				ASSETCATALOG_COMPILER_APPICON_NAME = AppIcon;
				CODE_SIGN_ENTITLEMENTS = LocalSites/LocalSites.entitlements;
				CODE_SIGN_STYLE = Automatic;
				COMBINE_HIDPI_IMAGES = YES;
				DEVELOPMENT_TEAM = RQ57RZ75M9;
				INFOPLIST_FILE = LocalSites/Info.plist;
				LD_RUNPATH_SEARCH_PATHS = "$(inherited) @executable_path/../Frameworks";
				MACOSX_DEPLOYMENT_TARGET = 10.11;
				PRODUCT_BUNDLE_IDENTIFIER = ch.plan44.LocalSites;
				PRODUCT_NAME = "$(TARGET_NAME)";
				SWIFT_VERSION = 4.0;
			};
			name = Debug;
		};
		EDF1E3DB1F77FE3700D02C38 /* Release */ = {
			isa = XCBuildConfiguration;
			buildSettings = {
				ASSETCATALOG_COMPILER_APPICON_NAME = AppIcon;
				CODE_SIGN_ENTITLEMENTS = LocalSites/LocalSites.entitlements;
				CODE_SIGN_STYLE = Automatic;
				COMBINE_HIDPI_IMAGES = YES;
				DEVELOPMENT_TEAM = RQ57RZ75M9;
				INFOPLIST_FILE = LocalSites/Info.plist;
				LD_RUNPATH_SEARCH_PATHS = "$(inherited) @executable_path/../Frameworks";
				MACOSX_DEPLOYMENT_TARGET = 10.11;
				PRODUCT_BUNDLE_IDENTIFIER = ch.plan44.LocalSites;
				PRODUCT_NAME = "$(TARGET_NAME)";
				SWIFT_VERSION = 4.0;
			};
			name = Release;
		};
/* End XCBuildConfiguration section */

/* Begin XCConfigurationList section */
		EDD0EA36212A09BA00D5B855 /* Build configuration list for PBXNativeTarget "iosLocalSites" */ = {
			isa = XCConfigurationList;
			buildConfigurations = (
				EDD0EA34212A09BA00D5B855 /* Debug */,
				EDD0EA35212A09BA00D5B855 /* Release */,
			);
			defaultConfigurationIsVisible = 0;
			defaultConfigurationName = Release;
		};
		EDF1E3C61F77FE3700D02C38 /* Build configuration list for PBXProject "LocalSites" */ = {
			isa = XCConfigurationList;
			buildConfigurations = (
				EDF1E3D71F77FE3700D02C38 /* Debug */,
				EDF1E3D81F77FE3700D02C38 /* Release */,
			);
			defaultConfigurationIsVisible = 0;
			defaultConfigurationName = Release;
		};
		EDF1E3D91F77FE3700D02C38 /* Build configuration list for PBXNativeTarget "LocalSites" */ = {
			isa = XCConfigurationList;
			buildConfigurations = (
				EDF1E3DA1F77FE3700D02C38 /* Debug */,
				EDF1E3DB1F77FE3700D02C38 /* Release */,
			);
			defaultConfigurationIsVisible = 0;
			defaultConfigurationName = Release;
		};
/* End XCConfigurationList section */
	};
	rootObject = EDF1E3C31F77FE3700D02C38 /* Project object */;
}
